lockfileVersion: 5.4

specifiers:
  prettier: ^2.7.1
  prettier-plugin-organize-imports: ^3.2.1
  prettier-plugin-svelte: ^2.8.1
  prettier-plugin-tailwindcss: ^0.2.1

dependencies:
  prettier: 2.8.8
  prettier-plugin-organize-imports: 3.2.4_prettier@2.8.8
  prettier-plugin-svelte: 2.10.1_prettier@2.8.8
  prettier-plugin-tailwindcss: 0.2.8_ythjmldzbka2ac25aqck4cxn2i

packages:

  /prettier-plugin-organize-imports/3.2.4_prettier@2.8.8:
    resolution: {integrity: sha512-6m8WBhIp0dfwu0SkgfOxJqh+HpdyfqSSLfKKRZSFbDuEQXDDndb8fTpRWkUrX/uBenkex3MgnVk0J3b3Y5byog==}
    peerDependencies:
      '@volar/vue-language-plugin-pug': ^1.0.4
      '@volar/vue-typescript': ^1.0.4
      prettier: '>=2.0'
      typescript: '>=2.9'
    peerDependenciesMeta:
      '@volar/vue-language-plugin-pug':
        optional: true
      '@volar/vue-typescript':
        optional: true
    dependencies:
      prettier: 2.8.8
    dev: false

  /prettier-plugin-svelte/2.10.1_prettier@2.8.8:
    resolution: {integrity: sha512-Wlq7Z5v2ueCubWo0TZzKc9XHcm7TDxqcuzRuGd0gcENfzfT4JZ9yDlCbEgxWgiPmLHkBjfOtpAWkcT28MCDpUQ==}
    peerDependencies:
      prettier: ^1.16.4 || ^2.0.0
      svelte: ^3.2.0 || ^4.0.0-next.0
    dependencies:
      prettier: 2.8.8
    dev: false

  /prettier-plugin-tailwindcss/0.2.8_ythjmldzbka2ac25aqck4cxn2i:
    resolution: {integrity: sha512-KgPcEnJeIijlMjsA6WwYgRs5rh3/q76oInqtMXBA/EMcamrcYJpyhtRhyX1ayT9hnHlHTuO8sIifHF10WuSDKg==}
    engines: {node: '>=12.17.0'}
    peerDependencies:
      '@ianvs/prettier-plugin-sort-imports': '*'
      '@prettier/plugin-pug': '*'
      '@shopify/prettier-plugin-liquid': '*'
      '@shufo/prettier-plugin-blade': '*'
      '@trivago/prettier-plugin-sort-imports': '*'
      prettier: '>=2.2.0'
      prettier-plugin-astro: '*'
      prettier-plugin-css-order: '*'
      prettier-plugin-import-sort: '*'
      prettier-plugin-jsdoc: '*'
      prettier-plugin-organize-attributes: '*'
      prettier-plugin-organize-imports: '*'
      prettier-plugin-style-order: '*'
      prettier-plugin-svelte: '*'
      prettier-plugin-twig-melody: '*'
    peerDependenciesMeta:
      '@ianvs/prettier-plugin-sort-imports':
        optional: true
      '@prettier/plugin-pug':
        optional: true
      '@shopify/prettier-plugin-liquid':
        optional: true
      '@shufo/prettier-plugin-blade':
        optional: true
      '@trivago/prettier-plugin-sort-imports':
        optional: true
      prettier-plugin-astro:
        optional: true
      prettier-plugin-css-order:
        optional: true
      prettier-plugin-import-sort:
        optional: true
      prettier-plugin-jsdoc:
        optional: true
      prettier-plugin-organize-attributes:
        optional: true
      prettier-plugin-organize-imports:
        optional: true
      prettier-plugin-style-order:
        optional: true
      prettier-plugin-svelte:
        optional: true
      prettier-plugin-twig-melody:
        optional: true
    dependencies:
      prettier: 2.8.8
      prettier-plugin-organize-imports: 3.2.4_prettier@2.8.8
      prettier-plugin-svelte: 2.10.1_prettier@2.8.8
    dev: false

  /prettier/2.8.8:
    resolution: {integrity: sha512-tdN8qQGvNjw4CHbY+XXk0JgCXn9QiF21a55rBe5LJAU+kDyC4WQn4+awm2Xfk2lQMk5fKup9XgzTZtGkjBdP9Q==}
    engines: {node: '>=10.13.0'}
    hasBin: true
    dev: false
